// !$*UTF8*$!
{
	archiveVersion = 1;
	classes = {
	};
	objectVersion = 50;
	objects = {

/* Begin PBXBuildFile section */
		443CFC1E210A38520014EF27 /* MapKit.framework in Frameworks */ = {isa = PBXBuildFile; fileRef = 443CFC1D210A38520014EF27 /* MapKit.framework */; };
		443CFC21210A3CA20014EF27 /* Coordinate.swift in Sources */ = {isa = PBXBuildFile; fileRef = 443CFC20210A3CA20014EF27 /* Coordinate.swift */; };
		4454507F2107B5F80067348A /* AppDelegate.swift in Sources */ = {isa = PBXBuildFile; fileRef = 4454507E2107B5F80067348A /* AppDelegate.swift */; };
		445450812107B5F80067348A /* EnterViewController.swift in Sources */ = {isa = PBXBuildFile; fileRef = 445450802107B5F80067348A /* EnterViewController.swift */; };
		445450842107B5F80067348A /* Main.storyboard in Resources */ = {isa = PBXBuildFile; fileRef = 445450822107B5F80067348A /* Main.storyboard */; };
		445450872107B5F80067348A /* SpeedTracker.xcdatamodeld in Sources */ = {isa = PBXBuildFile; fileRef = 445450852107B5F80067348A /* SpeedTracker.xcdatamodeld */; };
		445450892107B5FA0067348A /* Assets.xcassets in Resources */ = {isa = PBXBuildFile; fileRef = 445450882107B5FA0067348A /* Assets.xcassets */; };
		4454508C2107B5FA0067348A /* LaunchScreen.storyboard in Resources */ = {isa = PBXBuildFile; fileRef = 4454508A2107B5FA0067348A /* LaunchScreen.storyboard */; };
		44C10204210911AE007B9838 /* DisplayStatsViewController.swift in Sources */ = {isa = PBXBuildFile; fileRef = 44C10203210911AE007B9838 /* DisplayStatsViewController.swift */; };
/* End PBXBuildFile section */

/* Begin PBXFileReference section */
		443CFC1D210A38520014EF27 /* MapKit.framework */ = {isa = PBXFileReference; lastKnownFileType = wrapper.framework; name = MapKit.framework; path = System/Library/Frameworks/MapKit.framework; sourceTree = SDKROOT; };
		443CFC20210A3CA20014EF27 /* Coordinate.swift */ = {isa = PBXFileReference; lastKnownFileType = sourcecode.swift; path = Coordinate.swift; sourceTree = "<group>"; };
		4454507B2107B5F80067348A /* SpeedTracker.app */ = {isa = PBXFileReference; explicitFileType = wrapper.application; includeInIndex = 0; path = SpeedTracker.app; sourceTree = BUILT_PRODUCTS_DIR; };
		4454507E2107B5F80067348A /* AppDelegate.swift */ = {isa = PBXFileReference; lastKnownFileType = sourcecode.swift; path = AppDelegate.swift; sourceTree = "<group>"; };
		445450802107B5F80067348A /* EnterViewController.swift */ = {isa = PBXFileReference; lastKnownFileType = sourcecode.swift; path = EnterViewController.swift; sourceTree = "<group>"; };
		445450832107B5F80067348A /* Base */ = {isa = PBXFileReference; lastKnownFileType = file.storyboard; name = Base; path = Base.lproj/Main.storyboard; sourceTree = "<group>"; };
		445450862107B5F80067348A /* SpeedTracker.xcdatamodel */ = {isa = PBXFileReference; lastKnownFileType = wrapper.xcdatamodel; path = SpeedTracker.xcdatamodel; sourceTree = "<group>"; };
		445450882107B5FA0067348A /* Assets.xcassets */ = {isa = PBXFileReference; lastKnownFileType = folder.assetcatalog; path = Assets.xcassets; sourceTree = "<group>"; };
		4454508B2107B5FA0067348A /* Base */ = {isa = PBXFileReference; lastKnownFileType = file.storyboard; name = Base; path = Base.lproj/LaunchScreen.storyboard; sourceTree = "<group>"; };
		4454508D2107B5FA0067348A /* Info.plist */ = {isa = PBXFileReference; lastKnownFileType = text.plist.xml; path = Info.plist; sourceTree = "<group>"; };
		44C10203210911AE007B9838 /* DisplayStatsViewController.swift */ = {isa = PBXFileReference; lastKnownFileType = sourcecode.swift; path = DisplayStatsViewController.swift; sourceTree = "<group>"; };
/* End PBXFileReference section */

/* Begin PBXFrameworksBuildPhase section */
		445450782107B5F80067348A /* Frameworks */ = {
			isa = PBXFrameworksBuildPhase;
			buildActionMask = 2147483647;
			files = (
				443CFC1E210A38520014EF27 /* MapKit.framework in Frameworks */,
			);
			runOnlyForDeploymentPostprocessing = 0;
		};
/* End PBXFrameworksBuildPhase section */

/* Begin PBXGroup section */
		443CFC1C210A38520014EF27 /* Frameworks */ = {
			isa = PBXGroup;
			children = (
				443CFC1D210A38520014EF27 /* MapKit.framework */,
			);
			name = Frameworks;
			sourceTree = "<group>";
		};
		443CFC1F210A3C930014EF27 /* Models */ = {
			isa = PBXGroup;
			children = (
				443CFC20210A3CA20014EF27 /* Coordinate.swift */,
			);
			path = Models;
			sourceTree = "<group>";
		};
		445450722107B5F80067348A = {
			isa = PBXGroup;
			children = (
				4454507D2107B5F80067348A /* SpeedTracker */,
				4454507C2107B5F80067348A /* Products */,
				443CFC1C210A38520014EF27 /* Frameworks */,
			);
			sourceTree = "<group>";
		};
		4454507C2107B5F80067348A /* Products */ = {
			isa = PBXGroup;
			children = (
				4454507B2107B5F80067348A /* SpeedTracker.app */,
			);
			name = Products;
			sourceTree = "<group>";
		};
		4454507D2107B5F80067348A /* SpeedTracker */ = {
			isa = PBXGroup;
			children = (
				443CFC1F210A3C930014EF27 /* Models */,
				4454507E2107B5F80067348A /* AppDelegate.swift */,
				445450802107B5F80067348A /* EnterViewController.swift */,
				44C10203210911AE007B9838 /* DisplayStatsViewController.swift */,
				445450822107B5F80067348A /* Main.storyboard */,
				445450882107B5FA0067348A /* Assets.xcassets */,
				4454508A2107B5FA0067348A /* LaunchScreen.storyboard */,
				4454508D2107B5FA0067348A /* Info.plist */,
				445450852107B5F80067348A /* SpeedTracker.xcdatamodeld */,
			);
			path = SpeedTracker;
			sourceTree = "<group>";
		};
/* End PBXGroup section */

/* Begin PBXNativeTarget section */
		4454507A2107B5F80067348A /* SpeedTracker */ = {
			isa = PBXNativeTarget;
			buildConfigurationList = 445450902107B5FA0067348A /* Build configuration list for PBXNativeTarget "SpeedTracker" */;
			buildPhases = (
				445450772107B5F80067348A /* Sources */,
				445450782107B5F80067348A /* Frameworks */,
				445450792107B5F80067348A /* Resources */,
			);
			buildRules = (
			);
			dependencies = (
			);
			name = SpeedTracker;
			productName = SpeedTracker;
			productReference = 4454507B2107B5F80067348A /* SpeedTracker.app */;
			productType = "com.apple.product-type.application";
		};
/* End PBXNativeTarget section */

/* Begin PBXProject section */
		445450732107B5F80067348A /* Project object */ = {
			isa = PBXProject;
			attributes = {
				LastSwiftUpdateCheck = 0940;
				LastUpgradeCheck = 0940;
				ORGANIZATIONNAME = MakeSchool;
				TargetAttributes = {
					4454507A2107B5F80067348A = {
						CreatedOnToolsVersion = 9.4.1;
						SystemCapabilities = {
							com.apple.Maps.iOS = {
								enabled = 1;
							};
						};
					};
				};
			};
			buildConfigurationList = 445450762107B5F80067348A /* Build configuration list for PBXProject "SpeedTracker" */;
			compatibilityVersion = "Xcode 9.3";
			developmentRegion = en;
			hasScannedForEncodings = 0;
			knownRegions = (
				en,
				Base,
			);
			mainGroup = 445450722107B5F80067348A;
			productRefGroup = 4454507C2107B5F80067348A /* Products */;
			projectDirPath = "";
			projectRoot = "";
			targets = (
				4454507A2107B5F80067348A /* SpeedTracker */,
			);
		};
/* End PBXProject section */

/* Begin PBXResourcesBuildPhase section */
		445450792107B5F80067348A /* Resources */ = {
			isa = PBXResourcesBuildPhase;
			buildActionMask = 2147483647;
			files = (
				4454508C2107B5FA0067348A /* LaunchScreen.storyboard in Resources */,
				445450892107B5FA0067348A /* Assets.xcassets in Resources */,
				445450842107B5F80067348A /* Main.storyboard in Resources */,
			);
			runOnlyForDeploymentPostprocessing = 0;
		};
/* End PBXResourcesBuildPhase section */

/* Begin PBXSourcesBuildPhase section */
		445450772107B5F80067348A /* Sources */ = {
			isa = PBXSourcesBuildPhase;
			buildActionMask = 2147483647;
			files = (
				445450872107B5F80067348A /* SpeedTracker.xcdatamodeld in Sources */,
				445450812107B5F80067348A /* EnterViewController.swift in Sources */,
				44C10204210911AE007B9838 /* DisplayStatsViewController.swift in Sources */,
				4454507F2107B5F80067348A /* AppDelegate.swift in Sources */,
				443CFC21210A3CA20014EF27 /* Coordinate.swift in Sources */,
			);
			runOnlyForDeploymentPostprocessing = 0;
		};
/* End PBXSourcesBuildPhase section */

/* Begin PBXVariantGroup section */
		445450822107B5F80067348A /* Main.storyboard */ = {
			isa = PBXVariantGroup;
			children = (
				445450832107B5F80067348A /* Base */,
			);
			name = Main.storyboard;
			sourceTree = "<group>";
		};
		4454508A2107B5FA0067348A /* LaunchScreen.storyboard */ = {
			isa = PBXVariantGroup;
			children = (
				4454508B2107B5FA0067348A /* Base */,
			);
			name = LaunchScreen.storyboard;
			sourceTree = "<group>";
		};
/* End PBXVariantGroup section */

/* Begin XCBuildConfiguration section */
		4454508E2107B5FA0067348A /* Debug */ = {
			isa = XCBuildConfiguration;
			buildSettings = {
				ALWAYS_SEARCH_USER_PATHS = NO;
				CLANG_ANALYZER_NONNULL = YES;
				CLANG_ANALYZER_NUMBER_OBJECT_CONVERSION = YES_AGGRESSIVE;
				CLANG_CXX_LANGUAGE_STANDARD = "gnu++14";
				CLANG_CXX_LIBRARY = "libc++";
				CLANG_ENABLE_MODULES = YES;
				CLANG_ENABLE_OBJC_ARC = YES;
				CLANG_ENABLE_OBJC_WEAK = YES;
				CLANG_WARN_BLOCK_CAPTURE_AUTORELEASING = YES;
				CLANG_WARN_BOOL_CONVERSION = YES;
				CLANG_WARN_COMMA = YES;
				CLANG_WARN_CONSTANT_CONVERSION = YES;
				CLANG_WARN_DEPRECATED_OBJC_IMPLEMENTATIONS = YES;
				CLANG_WARN_DIRECT_OBJC_ISA_USAGE = YES_ERROR;
				CLANG_WARN_DOCUMENTATION_COMMENTS = YES;
				CLANG_WARN_EMPTY_BODY = YES;
				CLANG_WARN_ENUM_CONVERSION = YES;
				CLANG_WARN_INFINITE_RECURSION = YES;
				CLANG_WARN_INT_CONVERSION = YES;
				CLANG_WARN_NON_LITERAL_NULL_CONVERSION = YES;
				CLANG_WARN_OBJC_IMPLICIT_RETAIN_SELF = YES;
				CLANG_WARN_OBJC_LITERAL_CONVERSION = YES;
				CLANG_WARN_OBJC_ROOT_CLASS = YES_ERROR;
				CLANG_WARN_RANGE_LOOP_ANALYSIS = YES;
				CLANG_WARN_STRICT_PROTOTYPES = YES;
				CLANG_WARN_SUSPICIOUS_MOVE = YES;
				CLANG_WARN_UNGUARDED_AVAILABILITY = YES_AGGRESSIVE;
				CLANG_WARN_UNREACHABLE_CODE = YES;
				CLANG_WARN__DUPLICATE_METHOD_MATCH = YES;
				CODE_SIGN_IDENTITY = "iPhone Developer";
				COPY_PHASE_STRIP = NO;
				DEBUG_INFORMATION_FORMAT = dwarf;
				ENABLE_STRICT_OBJC_MSGSEND = YES;
				ENABLE_TESTABILITY = YES;
				GCC_C_LANGUAGE_STANDARD = gnu11;
				GCC_DYNAMIC_NO_PIC = NO;
				GCC_NO_COMMON_BLOCKS = YES;
				GCC_OPTIMIZATION_LEVEL = 0;
				GCC_PREPROCESSOR_DEFINITIONS = (
					"DEBUG=1",
					"$(inherited)",
				);
				GCC_WARN_64_TO_32_BIT_CONVERSION = YES;
				GCC_WARN_ABOUT_RETURN_TYPE = YES_ERROR;
				GCC_WARN_UNDECLARED_SELECTOR = YES;
				GCC_WARN_UNINITIALIZED_AUTOS = YES_AGGRESSIVE;
				GCC_WARN_UNUSED_FUNCTION = YES;
				GCC_WARN_UNUSED_VARIABLE = YES;
				IPHONEOS_DEPLOYMENT_TARGET = 11.4;
				MTL_ENABLE_DEBUG_INFO = YES;
				ONLY_ACTIVE_ARCH = YES;
				SDKROOT = iphoneos;
				SWIFT_ACTIVE_COMPILATION_CONDITIONS = DEBUG;
				SWIFT_OPTIMIZATION_LEVEL = "-Onone";
			};
			name = Debug;
		};
		4454508F2107B5FA0067348A /* Release */ = {
			isa = XCBuildConfiguration;
			buildSettings = {
				ALWAYS_SEARCH_USER_PATHS = NO;
				CLANG_ANALYZER_NONNULL = YES;
				CLANG_ANALYZER_NUMBER_OBJECT_CONVERSION = YES_AGGRESSIVE;
				CLANG_CXX_LANGUAGE_STANDARD = "gnu++14";
				CLANG_CXX_LIBRARY = "libc++";
				CLANG_ENABLE_MODULES = YES;
				CLANG_ENABLE_OBJC_ARC = YES;
				CLANG_ENABLE_OBJC_WEAK = YES;
				CLANG_WARN_BLOCK_CAPTURE_AUTORELEASING = YES;
				CLANG_WARN_BOOL_CONVERSION = YES;
				CLANG_WARN_COMMA = YES;
				CLANG_WARN_CONSTANT_CONVERSION = YES;
				CLANG_WARN_DEPRECATED_OBJC_IMPLEMENTATIONS = YES;
				CLANG_WARN_DIRECT_OBJC_ISA_USAGE = YES_ERROR;
				CLANG_WARN_DOCUMENTATION_COMMENTS = YES;
				CLANG_WARN_EMPTY_BODY = YES;
				CLANG_WARN_ENUM_CONVERSION = YES;
				CLANG_WARN_INFINITE_RECURSION = YES;
				CLANG_WARN_INT_CONVERSION = YES;
				CLANG_WARN_NON_LITERAL_NULL_CONVERSION = YES;
				CLANG_WARN_OBJC_IMPLICIT_RETAIN_SELF = YES;
				CLANG_WARN_OBJC_LITERAL_CONVERSION = YES;
				CLANG_WARN_OBJC_ROOT_CLASS = YES_ERROR;
				CLANG_WARN_RANGE_LOOP_ANALYSIS = YES;
				CLANG_WARN_STRICT_PROTOTYPES = YES;
				CLANG_WARN_SUSPICIOUS_MOVE = YES;
				CLANG_WARN_UNGUARDED_AVAILABILITY = YES_AGGRESSIVE;
				CLANG_WARN_UNREACHABLE_CODE = YES;
				CLANG_WARN__DUPLICATE_METHOD_MATCH = YES;
				CODE_SIGN_IDENTITY = "iPhone Developer";
				COPY_PHASE_STRIP = NO;
				DEBUG_INFORMATION_FORMAT = "dwarf-with-dsym";
				ENABLE_NS_ASSERTIONS = NO;
				ENABLE_STRICT_OBJC_MSGSEND = YES;
				GCC_C_LANGUAGE_STANDARD = gnu11;
				GCC_NO_COMMON_BLOCKS = YES;
				GCC_WARN_64_TO_32_BIT_CONVERSION = YES;
				GCC_WARN_ABOUT_RETURN_TYPE = YES_ERROR;
				GCC_WARN_UNDECLARED_SELECTOR = YES;
				GCC_WARN_UNINITIALIZED_AUTOS = YES_AGGRESSIVE;
				GCC_WARN_UNUSED_FUNCTION = YES;
				GCC_WARN_UNUSED_VARIABLE = YES;
				IPHONEOS_DEPLOYMENT_TARGET = 11.4;
				MTL_ENABLE_DEBUG_INFO = NO;
				SDKROOT = iphoneos;
				SWIFT_COMPILATION_MODE = wholemodule;
				SWIFT_OPTIMIZATION_LEVEL = "-O";
				VALIDATE_PRODUCT = YES;
			};
			name = Release;
		};
		445450912107B5FA0067348A /* Debug */ = {
			isa = XCBuildConfiguration;
			buildSettings = {
				ASSETCATALOG_COMPILER_APPICON_NAME = AppIcon;
				CODE_SIGN_STYLE = Automatic;
				DEVELOPMENT_TEAM = 8MXTC6QBRL;
				INFOPLIST_FILE = SpeedTracker/Info.plist;
				LD_RUNPATH_SEARCH_PATHS = (
					"$(inherited)",
					"@executable_path/Frameworks",
				);
				PRODUCT_BUNDLE_IDENTIFIER = MakeSchool.SpeedTracker;
				PRODUCT_NAME = "$(TARGET_NAME)";
				SWIFT_VERSION = 4.0;
				TARGETED_DEVICE_FAMILY = "1,2";
			};
			name = Debug;
		};
		445450922107B5FA0067348A /* Release */ = {
			isa = XCBuildConfiguration;
			buildSettings = {
				ASSETCATALOG_COMPILER_APPICON_NAME = AppIcon;
				CODE_SIGN_STYLE = Automatic;
				DEVELOPMENT_TEAM = 8MXTC6QBRL;
				INFOPLIST_FILE = SpeedTracker/Info.plist;
				LD_RUNPATH_SEARCH_PATHS = (
					"$(inherited)",
					"@executable_path/Frameworks",
				);
				PRODUCT_BUNDLE_IDENTIFIER = MakeSchool.SpeedTracker;
				PRODUCT_NAME = "$(TARGET_NAME)";
				SWIFT_VERSION = 4.0;
				TARGETED_DEVICE_FAMILY = "1,2";
			};
			name = Release;
		};
/* End XCBuildConfiguration section */

/* Begin XCConfigurationList section */
		445450762107B5F80067348A /* Build configuration list for PBXProject "SpeedTracker" */ = {
			isa = XCConfigurationList;
			buildConfigurations = (
				4454508E2107B5FA0067348A /* Debug */,
				4454508F2107B5FA0067348A /* Release */,
			);
			defaultConfigurationIsVisible = 0;
			defaultConfigurationName = Release;
		};
		445450902107B5FA0067348A /* Build configuration list for PBXNativeTarget "SpeedTracker" */ = {
			isa = XCConfigurationList;
			buildConfigurations = (
				445450912107B5FA0067348A /* Debug */,
				445450922107B5FA0067348A /* Release */,
			);
			defaultConfigurationIsVisible = 0;
			defaultConfigurationName = Release;
		};
/* End XCConfigurationList section */

/* Begin XCVersionGroup section */
		445450852107B5F80067348A /* SpeedTracker.xcdatamodeld */ = {
			isa = XCVersionGroup;
			children = (
				445450862107B5F80067348A /* SpeedTracker.xcdatamodel */,
			);
			currentVersion = 445450862107B5F80067348A /* SpeedTracker.xcdatamodel */;
			path = SpeedTracker.xcdatamodeld;
			sourceTree = "<group>";
			versionGroupType = wrapper.xcdatamodel;
		};
/* End XCVersionGroup section */
	};
	rootObject = 445450732107B5F80067348A /* Project object */;
}
